
Microsoft Visual Studio Solution File, Format Version 12.00
# Visual Studio Version 16
VisualStudioVersion = 25.0.1704.2
MinimumVisualStudioVersion = 10.0.40219.1
Project("{FAE04EC0-301F-11D3-BF4B-00C04F79EFBC}") = "myCQRS", "myCQRS.csproj", "{A4BB811E-460C-43D4-BA8D-DF95ADAEC5C8}"
EndProject
Global
	GlobalSection(SolutionConfigurationPlatforms) = preSolution
		Debug|Any CPU = Debug|Any CPU
		Release|Any CPU = Release|Any CPU
	EndGlobalSection
	GlobalSection(ProjectConfigurationPlatforms) = postSolution
		{A4BB811E-460C-43D4-BA8D-DF95ADAEC5C8}.Debug|Any CPU.ActiveCfg = Debug|Any CPU
		{A4BB811E-460C-43D4-BA8D-DF95ADAEC5C8}.Debug|Any CPU.Build.0 = Debug|Any CPU
		{A4BB811E-460C-43D4-BA8D-DF95ADAEC5C8}.Release|Any CPU.ActiveCfg = Release|Any CPU
		{A4BB811E-460C-43D4-BA8D-DF95ADAEC5C8}.Release|Any CPU.Build.0 = Release|Any CPU
	EndGlobalSection
	GlobalSection(SolutionProperties) = preSolution
		HideSolutionNode = FALSE
	EndGlobalSection
	GlobalSection(ExtensibilityGlobals) = postSolution
		SolutionGuid = {2E6C140C-7708-423F-9435-34310282A5FA}
	EndGlobalSection
EndGlobal
